
Microsoft Visual Studio Solution File, Format Version 12.00
# Visual Studio Version 16
VisualStudioVersion = 16.0.30320.27
MinimumVisualStudioVersion = 10.0.40219.1
Project("{FAE04EC0-301F-11D3-BF4B-00C04F79EFBC}") = "SocioSindicato", "SocioSindicato\SocioSindicato.csproj", "{5D485652-F874-4146-81D9-69B38A696AE8}"
EndProject
Global
	GlobalSection(SolutionConfigurationPlatforms) = preSolution
		Debug|Any CPU = Debug|Any CPU
		Release|Any CPU = Release|Any CPU
	EndGlobalSection
	GlobalSection(ProjectConfigurationPlatforms) = postSolution
		{5D485652-F874-4146-81D9-69B38A696AE8}.Debug|Any CPU.ActiveCfg = Debug|Any CPU
		{5D485652-F874-4146-81D9-69B38A696AE8}.Debug|Any CPU.Build.0 = Debug|Any CPU
		{5D485652-F874-4146-81D9-69B38A696AE8}.Release|Any CPU.ActiveCfg = Release|Any CPU
		{5D485652-F874-4146-81D9-69B38A696AE8}.Release|Any CPU.Build.0 = Release|Any CPU
	EndGlobalSection
	GlobalSection(SolutionProperties) = preSolution
		HideSolutionNode = FALSE
	EndGlobalSection
	GlobalSection(ExtensibilityGlobals) = postSolution
		SolutionGuid = {D94A82CC-D38E-4534-A5D0-3A1B150EFF43}
	EndGlobalSection
EndGlobal
